
Microsoft Visual Studio Solution File, Format Version 12.00
# Visual Studio Version 17
VisualStudioVersion = 17.6.33815.320
MinimumVisualStudioVersion = 10.0.40219.1
Project("{FAE04EC0-301F-11D3-BF4B-00C04F79EFBC}") = "WindowsFormsApp1", "WindowsFormsApp1\WindowsFormsApp1.csproj", "{DE72475A-CF72-438E-BCE9-08A4CF661833}"
EndProject
Global
	GlobalSection(SolutionConfigurationPlatforms) = preSolution
		Debug|Any CPU = Debug|Any CPU
		Release|Any CPU = Release|Any CPU
	EndGlobalSection
	GlobalSection(ProjectConfigurationPlatforms) = postSolution
		{DE72475A-CF72-438E-BCE9-08A4CF661833}.Debug|Any CPU.ActiveCfg = Debug|Any CPU
		{DE72475A-CF72-438E-BCE9-08A4CF661833}.Debug|Any CPU.Build.0 = Debug|Any CPU
		{DE72475A-CF72-438E-BCE9-08A4CF661833}.Release|Any CPU.ActiveCfg = Release|Any CPU
		{DE72475A-CF72-438E-BCE9-08A4CF661833}.Release|Any CPU.Build.0 = Release|Any CPU
	EndGlobalSection
	GlobalSection(SolutionProperties) = preSolution
		HideSolutionNode = FALSE
	EndGlobalSection
	GlobalSection(ExtensibilityGlobals) = postSolution
		SolutionGuid = {40E81155-3DA8-4616-B14D-A9FCFAC53F5D}
	EndGlobalSection
EndGlobal
